lockfile_version: '1'
generated_at: '2026-07-10T00:54:30.314165+00:00'
apm_version: 0.8.11
dependencies:
- repo_url: Cocoon-AI/architecture-diagram-generator
  host: github.com
  resolved_commit: 4b9087d55268c79a935105439dbcd37b630fc3f3
  virtual_path: architecture-diagram
  is_virtual: true
  package_type: claude_skill
  deployed_files:
  - .agents/skills/architecture-diagram
  - .claude/skills/architecture-diagram
  - .cursor/skills/architecture-diagram
  - .github/skills/architecture-diagram
  - .opencode/skills/architecture-diagram
  content_hash: sha256:a9c43249979c16c366af670e13f34d3a9e9991bf78f4b6fa814a1832168b6430
- repo_url: GoogleChrome/modern-web-guidance
  host: github.com
  resolved_commit: 2354c8c5856602e0730d7c65d91f1c29ffc479ee
  package_type: marketplace_plugin
  deployed_files:
  - .agents/skills/chrome-extensions
  - .agents/skills/modern-web-guidance
  - .claude/skills/chrome-extensions
  - .claude/skills/modern-web-guidance
  - .cursor/skills/chrome-extensions
  - .cursor/skills/modern-web-guidance
  - .github/skills/chrome-extensions
  - .github/skills/modern-web-guidance
  - .opencode/skills/chrome-extensions
  - .opencode/skills/modern-web-guidance
  content_hash: sha256:1cd06954c61aaf52c5a5c7cfa5e906dfa01e76011a0574f0b934a373ea3c17f1
- repo_url: H-ymt/skills
  host: github.com
  resolved_commit: 3e3ff6b5f4a3eae32bca7644d64ce970d05b605e
  virtual_path: skills/empirical-prompt-tuning
  is_virtual: true
  package_type: claude_skill
  deployed_files:
  - .agents/skills/empirical-prompt-tuning
  - .claude/skills/empirical-prompt-tuning
  - .cursor/skills/empirical-prompt-tuning
  - .github/skills/empirical-prompt-tuning
  - .opencode/skills/empirical-prompt-tuning
  content_hash: sha256:92d054be3c36e62f693ff3d00bef23aa53d9ea867ae0485ad41cdc0250238dd5
- repo_url: H-ymt/skills
  host: github.com
  resolved_commit: 3e3ff6b5f4a3eae32bca7644d64ce970d05b605e
  virtual_path: skills/figma-design-tokens
  is_virtual: true
  package_type: claude_skill
  deployed_files:
  - .agents/skills/figma-design-tokens
  - .claude/skills/figma-design-tokens
  - .cursor/skills/figma-design-tokens
  - .github/skills/figma-design-tokens
  - .opencode/skills/figma-design-tokens
  content_hash: sha256:3c1e6b1bea59afb00e161a2ba9afbc27fb22a111907eac59099fd856f5efedd3
- repo_url: H-ymt/skills
  host: github.com
  resolved_commit: 3e3ff6b5f4a3eae32bca7644d64ce970d05b605e
  virtual_path: skills/figma-rule
  is_virtual: true
  package_type: claude_skill
  deployed_files:
  - .agents/skills/figma-rule
  - .claude/skills/figma-rule
  - .cursor/skills/figma-rule
  - .github/skills/figma-rule
  - .opencode/skills/figma-rule
  content_hash: sha256:6a668ae94b95e7fec46b0bc7ba8aa9f66738c88c002c75e04f2d8132ecf25c59
- repo_url: H-ymt/skills
  host: github.com
  resolved_commit: 3e3ff6b5f4a3eae32bca7644d64ce970d05b605e
  virtual_path: skills/github-pr-review-operation
  is_virtual: true
  package_type: claude_skill
  deployed_files:
  - .agents/skills/github-pr-review-operation
  - .claude/skills/github-pr-review-operation
  - .cursor/skills/github-pr-review-operation
  - .github/skills/github-pr-review-operation
  - .opencode/skills/github-pr-review-operation
  content_hash: sha256:30f51a05c4ea0f75b88625a816504c9a8ac604d368a1710308b9f9b1ad17e4d7
- repo_url: H-ymt/skills
  host: github.com
  resolved_commit: 3e3ff6b5f4a3eae32bca7644d64ce970d05b605e
  virtual_path: skills/h10o-review
  is_virtual: true
  package_type: claude_skill
  deployed_files:
  - .agents/skills/h10o-review
  - .claude/skills/h10o-review
  - .cursor/skills/h10o-review
  - .github/skills/h10o-review
  - .opencode/skills/h10o-review
  content_hash: sha256:179dc8e94bf16aa07b23f89721858c9c6b9a97011f4371a84f62894131d8b2f6
- repo_url: H-ymt/skills
  host: github.com
  resolved_commit: 3e3ff6b5f4a3eae32bca7644d64ce970d05b605e
  virtual_path: skills/image-optimize
  is_virtual: true
  package_type: claude_skill
  deployed_files:
  - .agents/skills/image-optimize
  - .claude/skills/image-optimize
  - .cursor/skills/image-optimize
  - .github/skills/image-optimize
  - .opencode/skills/image-optimize
  content_hash: sha256:abd2135237a1da38faa741660e9e8304f9b8478ba7c230da8608175b9b1bb33c
- repo_url: H-ymt/skills
  host: github.com
  resolved_commit: 3e3ff6b5f4a3eae32bca7644d64ce970d05b605e
  virtual_path: skills/japanese-tech-writing
  is_virtual: true
  package_type: claude_skill
  deployed_files:
  - .agents/skills/japanese-tech-writing
  - .claude/skills/japanese-tech-writing
  - .cursor/skills/japanese-tech-writing
  - .github/skills/japanese-tech-writing
  - .opencode/skills/japanese-tech-writing
  content_hash: sha256:e7e74e6ef15a98e3b2d406105ab1e5abf145f6f5f04110600ccdb038d2d85fa4
- repo_url: H-ymt/skills
  host: github.com
  resolved_commit: 3e3ff6b5f4a3eae32bca7644d64ce970d05b605e
  virtual_path: skills/lighthouse-perf-report
  is_virtual: true
  package_type: claude_skill
  deployed_files:
  - .agents/skills/lighthouse-perf-report
  - .claude/skills/lighthouse-perf-report
  - .cursor/skills/lighthouse-perf-report
  - .github/skills/lighthouse-perf-report
  - .opencode/skills/lighthouse-perf-report
  content_hash: sha256:b2b576363074fb234a4afd25e72842b29c244a8d43e3ec778abca4a9a5090f78
- repo_url: H-ymt/skills
  host: github.com
  resolved_commit: 3e3ff6b5f4a3eae32bca7644d64ce970d05b605e
  virtual_path: skills/linearis
  is_virtual: true
  package_type: claude_skill
  deployed_files:
  - .agents/skills/linearis
  - .claude/skills/linearis
  - .cursor/skills/linearis
  - .github/skills/linearis
  - .opencode/skills/linearis
  content_hash: sha256:f4223a9060095a23c7d45cd681685663e66316a98264aa89a4331900c419c06d
- repo_url: LottieFiles/motion-design-skill
  host: github.com
  resolved_commit: f9a8a041b85185ee4881b3471d3415e939aac772
  virtual_path: skills/motion-design
  is_virtual: true
  package_type: claude_skill
  deployed_files:
  - .agents/skills/motion-design
  - .claude/skills/motion-design
  - .cursor/skills/motion-design
  - .github/skills/motion-design
  - .opencode/skills/motion-design
  content_hash: sha256:6ba0c33805580b781c3f0fa03132af2c93c480f689524440dc271a9656d81f03
- repo_url: WordPress/agent-skills
  host: github.com
  resolved_commit: 9de2279ae789ee5e5f27f65d714867769283dabf
  virtual_path: skills/wordpress-router
  is_virtual: true
  package_type: claude_skill
  deployed_files:
  - .agents/skills/wordpress-router
  - .claude/skills/wordpress-router
  - .cursor/skills/wordpress-router
  - .github/skills/wordpress-router
  - .opencode/skills/wordpress-router
  content_hash: sha256:c2535c1291a9b527b5261ff4ab49552729088348a6687b8d9232d720a843ee57
- repo_url: WordPress/agent-skills
  host: github.com
  resolved_commit: 9de2279ae789ee5e5f27f65d714867769283dabf
  virtual_path: skills/wp-abilities-api
  is_virtual: true
  package_type: claude_skill
  deployed_files:
  - .agents/skills/wp-abilities-api
  - .claude/skills/wp-abilities-api
  - .cursor/skills/wp-abilities-api
  - .github/skills/wp-abilities-api
  - .opencode/skills/wp-abilities-api
  content_hash: sha256:45eb412d99954e3f7cb5ec748b086a808b262662e63dea70f43e4862d24c5897
- repo_url: WordPress/agent-skills
  host: github.com
  resolved_commit: 9de2279ae789ee5e5f27f65d714867769283dabf
  virtual_path: skills/wp-block-development
  is_virtual: true
  package_type: claude_skill
  deployed_files:
  - .agents/skills/wp-block-development
  - .claude/skills/wp-block-development
  - .cursor/skills/wp-block-development
  - .github/skills/wp-block-development
  - .opencode/skills/wp-block-development
  content_hash: sha256:0fd90154241e8bc1620a1e3048bca2d018b624b0df0c76345986840f47a5a8b1
- repo_url: WordPress/agent-skills
  host: github.com
  resolved_commit: 9de2279ae789ee5e5f27f65d714867769283dabf
  virtual_path: skills/wp-block-themes
  is_virtual: true
  package_type: claude_skill
  deployed_files:
  - .agents/skills/wp-block-themes
  - .claude/skills/wp-block-themes
  - .cursor/skills/wp-block-themes
  - .github/skills/wp-block-themes
  - .opencode/skills/wp-block-themes
  content_hash: sha256:3896ee6ccf113852c45d428a46c5b4e659d64835ca25f3633d816254b9dd1454
- repo_url: WordPress/agent-skills
  host: github.com
  resolved_commit: 9de2279ae789ee5e5f27f65d714867769283dabf
  virtual_path: skills/wp-interactivity-api
  is_virtual: true
  package_type: claude_skill
  deployed_files:
  - .agents/skills/wp-interactivity-api
  - .claude/skills/wp-interactivity-api
  - .cursor/skills/wp-interactivity-api
  - .github/skills/wp-interactivity-api
  - .opencode/skills/wp-interactivity-api
  content_hash: sha256:fbe4385bdeeaa48fd4a80b362c55f91e60483caa05b88d5379a8031c23769992
- repo_url: WordPress/agent-skills
  host: github.com
  resolved_commit: 9de2279ae789ee5e5f27f65d714867769283dabf
  virtual_path: skills/wp-performance
  is_virtual: true
  package_type: claude_skill
  deployed_files:
  - .agents/skills/wp-performance
  - .claude/skills/wp-performance
  - .cursor/skills/wp-performance
  - .github/skills/wp-performance
  - .opencode/skills/wp-performance
  content_hash: sha256:1fb79b679b8f799d1285f8f254d4bc12056cff3dac82ab1a8c67da67e7fb0dde
- repo_url: WordPress/agent-skills
  host: github.com
  resolved_commit: 9de2279ae789ee5e5f27f65d714867769283dabf
  virtual_path: skills/wp-phpstan
  is_virtual: true
  package_type: claude_skill
  deployed_files:
  - .agents/skills/wp-phpstan
  - .claude/skills/wp-phpstan
  - .cursor/skills/wp-phpstan
  - .github/skills/wp-phpstan
  - .opencode/skills/wp-phpstan
  content_hash: sha256:9f00543fbf856319d1d490c31a7cd8558cae6630a7b27f8ced2dddfcacb97ca3
- repo_url: WordPress/agent-skills
  host: github.com
  resolved_commit: 9de2279ae789ee5e5f27f65d714867769283dabf
  virtual_path: skills/wp-playground
  is_virtual: true
  package_type: claude_skill
  deployed_files:
  - .agents/skills/wp-playground
  - .claude/skills/wp-playground
  - .cursor/skills/wp-playground
  - .github/skills/wp-playground
  - .opencode/skills/wp-playground
  content_hash: sha256:9a330cfdcb11919572ce01a26826f43889b51af493f10355d080d15ac061c952
- repo_url: WordPress/agent-skills
  host: github.com
  resolved_commit: 9de2279ae789ee5e5f27f65d714867769283dabf
  virtual_path: skills/wp-plugin-development
  is_virtual: true
  package_type: claude_skill
  deployed_files:
  - .agents/skills/wp-plugin-development
  - .claude/skills/wp-plugin-development
  - .cursor/skills/wp-plugin-development
  - .github/skills/wp-plugin-development
  - .opencode/skills/wp-plugin-development
  content_hash: sha256:c15d14c02eb0a2fd0618068cc941631716280dc74150feef60cb9346e55cff37
- repo_url: WordPress/agent-skills
  host: github.com
  resolved_commit: 9de2279ae789ee5e5f27f65d714867769283dabf
  virtual_path: skills/wp-project-triage
  is_virtual: true
  package_type: claude_skill
  deployed_files:
  - .agents/skills/wp-project-triage
  - .claude/skills/wp-project-triage
  - .cursor/skills/wp-project-triage
  - .github/skills/wp-project-triage
  - .opencode/skills/wp-project-triage
  content_hash: sha256:3c480661aa791ae3f8090ed521f50a9123b1d5e4311e216286008bd9f981cd44
- repo_url: WordPress/agent-skills
  host: github.com
  resolved_commit: 9de2279ae789ee5e5f27f65d714867769283dabf
  virtual_path: skills/wp-rest-api
  is_virtual: true
  package_type: claude_skill
  deployed_files:
  - .agents/skills/wp-rest-api
  - .claude/skills/wp-rest-api
  - .cursor/skills/wp-rest-api
  - .github/skills/wp-rest-api
  - .opencode/skills/wp-rest-api
  content_hash: sha256:2876f8a37d71de346e7a92a4e60530ba536c8ad82fdf89dc200c3ae34fa6c4ec
- repo_url: WordPress/agent-skills
  host: github.com
  resolved_commit: 9de2279ae789ee5e5f27f65d714867769283dabf
  virtual_path: skills/wp-wpcli-and-ops
  is_virtual: true
  package_type: claude_skill
  deployed_files:
  - .agents/skills/wp-wpcli-and-ops
  - .claude/skills/wp-wpcli-and-ops
  - .cursor/skills/wp-wpcli-and-ops
  - .github/skills/wp-wpcli-and-ops
  - .opencode/skills/wp-wpcli-and-ops
  content_hash: sha256:00848ac580c0b470c9a240aa41ebc7c5a9e98cc9413ea29fb300e9cf8f46f01f
- repo_url: WordPress/agent-skills
  host: github.com
  resolved_commit: 9de2279ae789ee5e5f27f65d714867769283dabf
  virtual_path: skills/wpds
  is_virtual: true
  package_type: claude_skill
  deployed_files:
  - .agents/skills/wpds
  - .claude/skills/wpds
  - .cursor/skills/wpds
  - .github/skills/wpds
  - .opencode/skills/wpds
  content_hash: sha256:1a05f741c9a43026507c8c9641b2dbde4b4928a14038f97322c36ee8b1e88470
- repo_url: anthropics/skills
  host: github.com
  resolved_commit: 35414756ca55738e050562e272a6bbc6273aa926
  virtual_path: skills/frontend-design
  is_virtual: true
  package_type: claude_skill
  deployed_files:
  - .agents/skills/frontend-design
  - .claude/skills/frontend-design
  - .cursor/skills/frontend-design
  - .github/skills/frontend-design
  - .opencode/skills/frontend-design
  content_hash: sha256:4eabc66183767153e404b39d1b839b1c37f2d82d86f0a0d7e880a579d8d62336
- repo_url: cloudflare/skills
  host: github.com
  resolved_commit: 27ce0c0e159225caa7ed30ebefd4107aa6c52497
  virtual_path: skills/agents-sdk
  is_virtual: true
  package_type: claude_skill
  deployed_files:
  - .agents/skills/agents-sdk
  - .claude/skills/agents-sdk
  - .cursor/skills/agents-sdk
  - .github/skills/agents-sdk
  - .opencode/skills/agents-sdk
  content_hash: sha256:394a348f5b5bb38ee976b3da026449db8d0807e09010512f5c57596501b084ff
- repo_url: cloudflare/skills
  host: github.com
  resolved_commit: 27ce0c0e159225caa7ed30ebefd4107aa6c52497
  virtual_path: skills/cloudflare
  is_virtual: true
  package_type: claude_skill
  deployed_files:
  - .agents/skills/cloudflare
  - .claude/skills/cloudflare
  - .cursor/skills/cloudflare
  - .github/skills/cloudflare
  - .opencode/skills/cloudflare
  content_hash: sha256:da17f43738f8b929c7afbc8bd0856d8f98e4e29e784c44581189bb10ca39b38a
- repo_url: cloudflare/skills
  host: github.com
  resolved_commit: 27ce0c0e159225caa7ed30ebefd4107aa6c52497
  virtual_path: skills/cloudflare-email-service
  is_virtual: true
  package_type: claude_skill
  deployed_files:
  - .agents/skills/cloudflare-email-service
  - .claude/skills/cloudflare-email-service
  - .cursor/skills/cloudflare-email-service
  - .github/skills/cloudflare-email-service
  - .opencode/skills/cloudflare-email-service
  content_hash: sha256:3d0910288b7322914456e3ece0b05a8a15a916f00d3139a7680c4a4c53eae0d5
- repo_url: cloudflare/skills
  host: github.com
  resolved_commit: 27ce0c0e159225caa7ed30ebefd4107aa6c52497
  virtual_path: skills/durable-objects
  is_virtual: true
  package_type: claude_skill
  deployed_files:
  - .agents/skills/durable-objects
  - .claude/skills/durable-objects
  - .cursor/skills/durable-objects
  - .github/skills/durable-objects
  - .opencode/skills/durable-objects
  content_hash: sha256:3ccddccdde29da749c4d87c13e445473a2394890e016a60c960efa781a4b9e29
- repo_url: cloudflare/skills
  host: github.com
  resolved_commit: 27ce0c0e159225caa7ed30ebefd4107aa6c52497
  virtual_path: skills/sandbox-sdk
  is_virtual: true
  package_type: claude_skill
  deployed_files:
  - .agents/skills/sandbox-sdk
  - .claude/skills/sandbox-sdk
  - .cursor/skills/sandbox-sdk
  - .github/skills/sandbox-sdk
  - .opencode/skills/sandbox-sdk
  content_hash: sha256:681292bec775052a2d4ceb2b202cdf9195a070bf13ba6949e564c5cc2a004fa0
- repo_url: cloudflare/skills
  host: github.com
  resolved_commit: 27ce0c0e159225caa7ed30ebefd4107aa6c52497
  virtual_path: skills/web-perf
  is_virtual: true
  package_type: claude_skill
  deployed_files:
  - .agents/skills/web-perf
  - .claude/skills/web-perf
  - .cursor/skills/web-perf
  - .github/skills/web-perf
  - .opencode/skills/web-perf
  content_hash: sha256:7ae53856c320574f7440f50aef7892f96837eec9fd49d329d049d432fb4b299a
- repo_url: cloudflare/skills
  host: github.com
  resolved_commit: 27ce0c0e159225caa7ed30ebefd4107aa6c52497
  virtual_path: skills/workers-best-practices
  is_virtual: true
  package_type: claude_skill
  deployed_files:
  - .agents/skills/workers-best-practices
  - .claude/skills/workers-best-practices
  - .cursor/skills/workers-best-practices
  - .github/skills/workers-best-practices
  - .opencode/skills/workers-best-practices
  content_hash: sha256:ebd71bed0ade41e2d4839b0d280ec6d93dced0d19f568d27b92da00e4aa9943c
- repo_url: cloudflare/skills
  host: github.com
  resolved_commit: 27ce0c0e159225caa7ed30ebefd4107aa6c52497
  virtual_path: skills/wrangler
  is_virtual: true
  package_type: claude_skill
  deployed_files:
  - .agents/skills/wrangler
  - .claude/skills/wrangler
  - .cursor/skills/wrangler
  - .github/skills/wrangler
  - .opencode/skills/wrangler
  content_hash: sha256:11edeb37eedb91deedde694b2bb1cc4ff4e8b5a8f1836c217a8c871fe39abcb5
- repo_url: figma/mcp-server-guide
  host: github.com
  resolved_commit: bea8bea5f676ab2bf76fa822b82f50b66653c098
  virtual_path: skills/figma-use
  is_virtual: true
  package_type: claude_skill
  deployed_files:
  - .agents/skills/figma-use
  - .claude/skills/figma-use
  - .cursor/skills/figma-use
  - .github/skills/figma-use
  - .opencode/skills/figma-use
  content_hash: sha256:27b8d90e17a2e9a7db5b08ff7855ae90e441bb0f675d5adc53e9cc3dc3b9c0aa
- repo_url: greensock/gsap-skills
  host: github.com
  resolved_commit: aed9cfd3277740755f6bfc1155c7aa645403b760
  virtual_path: skills/gsap-core
  is_virtual: true
  package_type: claude_skill
  deployed_files:
  - .agents/skills/gsap-core
  - .claude/skills/gsap-core
  - .cursor/skills/gsap-core
  - .github/skills/gsap-core
  - .opencode/skills/gsap-core
  content_hash: sha256:c4a01101d9e1aafbf4b49f75d74f9349790d8741981ba0237c990093863035a6
- repo_url: greensock/gsap-skills
  host: github.com
  resolved_commit: aed9cfd3277740755f6bfc1155c7aa645403b760
  virtual_path: skills/gsap-frameworks
  is_virtual: true
  package_type: claude_skill
  deployed_files:
  - .agents/skills/gsap-frameworks
  - .claude/skills/gsap-frameworks
  - .cursor/skills/gsap-frameworks
  - .github/skills/gsap-frameworks
  - .opencode/skills/gsap-frameworks
  content_hash: sha256:4852e85a48088d9044b08ebd1db607915b628c0c3ec7e04300713f546728fbdf
- repo_url: greensock/gsap-skills
  host: github.com
  resolved_commit: aed9cfd3277740755f6bfc1155c7aa645403b760
  virtual_path: skills/gsap-performance
  is_virtual: true
  package_type: claude_skill
  deployed_files:
  - .agents/skills/gsap-performance
  - .claude/skills/gsap-performance
  - .cursor/skills/gsap-performance
  - .github/skills/gsap-performance
  - .opencode/skills/gsap-performance
  content_hash: sha256:863842ac2d7aee53fd4f0025c960173d7ad3e658a5715b89b2211fa280213c1f
- repo_url: greensock/gsap-skills
  host: github.com
  resolved_commit: aed9cfd3277740755f6bfc1155c7aa645403b760
  virtual_path: skills/gsap-plugins
  is_virtual: true
  package_type: claude_skill
  deployed_files:
  - .agents/skills/gsap-plugins
  - .claude/skills/gsap-plugins
  - .cursor/skills/gsap-plugins
  - .github/skills/gsap-plugins
  - .opencode/skills/gsap-plugins
  content_hash: sha256:791bda0e6e460511fe82a78e745db519b88ffaeeab4d04a74879a03ca4f41740
- repo_url: greensock/gsap-skills
  host: github.com
  resolved_commit: aed9cfd3277740755f6bfc1155c7aa645403b760
  virtual_path: skills/gsap-react
  is_virtual: true
  package_type: claude_skill
  deployed_files:
  - .agents/skills/gsap-react
  - .claude/skills/gsap-react
  - .cursor/skills/gsap-react
  - .github/skills/gsap-react
  - .opencode/skills/gsap-react
  content_hash: sha256:7d3b52822681a4158e371f895c58fb7030ecaf33f585a534b7162f9e92c5d893
- repo_url: greensock/gsap-skills
  host: github.com
  resolved_commit: aed9cfd3277740755f6bfc1155c7aa645403b760
  virtual_path: skills/gsap-scrolltrigger
  is_virtual: true
  package_type: claude_skill
  deployed_files:
  - .agents/skills/gsap-scrolltrigger
  - .claude/skills/gsap-scrolltrigger
  - .cursor/skills/gsap-scrolltrigger
  - .github/skills/gsap-scrolltrigger
  - .opencode/skills/gsap-scrolltrigger
  content_hash: sha256:1cdc5647693783cb7a662d84a5de434c88a051ed56b4d33597c9b5782b5973e6
- repo_url: greensock/gsap-skills
  host: github.com
  resolved_commit: aed9cfd3277740755f6bfc1155c7aa645403b760
  virtual_path: skills/gsap-timeline
  is_virtual: true
  package_type: claude_skill
  deployed_files:
  - .agents/skills/gsap-timeline
  - .claude/skills/gsap-timeline
  - .cursor/skills/gsap-timeline
  - .github/skills/gsap-timeline
  - .opencode/skills/gsap-timeline
  content_hash: sha256:54981c2feec5a9c0d57988aeb32315af32bdeadd261550d5e9db7a7b1f08b487
- repo_url: greensock/gsap-skills
  host: github.com
  resolved_commit: aed9cfd3277740755f6bfc1155c7aa645403b760
  virtual_path: skills/gsap-utils
  is_virtual: true
  package_type: claude_skill
  deployed_files:
  - .agents/skills/gsap-utils
  - .claude/skills/gsap-utils
  - .cursor/skills/gsap-utils
  - .github/skills/gsap-utils
  - .opencode/skills/gsap-utils
  content_hash: sha256:1ab2387f6e694718a4f1b5acf2a4ab16e1b884c3428adf5f6b26d830f00826cf
- repo_url: ibelick/ui-skills
  host: github.com
  resolved_commit: 132b111af6cb90023fdad4860abbe325b739d664
  virtual_path: skills/baseline-ui
  is_virtual: true
  package_type: claude_skill
  deployed_files:
  - .agents/skills/baseline-ui
  - .claude/skills/baseline-ui
  - .cursor/skills/baseline-ui
  - .github/skills/baseline-ui
  - .opencode/skills/baseline-ui
  content_hash: sha256:dfcb3e778b57ad1cba92375689bb8265fa5aef78fba523a744f5220b3c619901
- repo_url: ibelick/ui-skills
  host: github.com
  resolved_commit: 132b111af6cb90023fdad4860abbe325b739d664
  virtual_path: skills/fixing-accessibility
  is_virtual: true
  package_type: claude_skill
  deployed_files:
  - .agents/skills/fixing-accessibility
  - .claude/skills/fixing-accessibility
  - .cursor/skills/fixing-accessibility
  - .github/skills/fixing-accessibility
  - .opencode/skills/fixing-accessibility
  content_hash: sha256:4fa8f5a772b4eef3d28a54c136b507d070e54e2c326578f65eaf5e5a0118b38a
- repo_url: ibelick/ui-skills
  host: github.com
  resolved_commit: 132b111af6cb90023fdad4860abbe325b739d664
  virtual_path: skills/fixing-metadata
  is_virtual: true
  package_type: claude_skill
  deployed_files:
  - .agents/skills/fixing-metadata
  - .claude/skills/fixing-metadata
  - .cursor/skills/fixing-metadata
  - .github/skills/fixing-metadata
  - .opencode/skills/fixing-metadata
  content_hash: sha256:699e13890fb50acffa02dfd2d5b0e719bd916a9e2b7e6035bdc4513fc73d9174
- repo_url: ibelick/ui-skills
  host: github.com
  resolved_commit: 132b111af6cb90023fdad4860abbe325b739d664
  virtual_path: skills/fixing-motion-performance
  is_virtual: true
  package_type: claude_skill
  deployed_files:
  - .agents/skills/fixing-motion-performance
  - .claude/skills/fixing-motion-performance
  - .cursor/skills/fixing-motion-performance
  - .github/skills/fixing-motion-performance
  - .opencode/skills/fixing-motion-performance
  content_hash: sha256:426dcf33f23419643f2aab71e2253e1a5b5684a808fabb8a4ad135e489ed7a0f
- repo_url: johnlindquist/claude-workshop-skills
  host: github.com
  resolved_commit: bc9f16a437b338f1e425864a5dff57bd51ed02b0
  virtual_path: skills/chrome-devtools
  is_virtual: true
  package_type: claude_skill
  deployed_files:
  - .agents/skills/chrome-devtools
  - .claude/skills/chrome-devtools
  - .cursor/skills/chrome-devtools
  - .github/skills/chrome-devtools
  - .opencode/skills/chrome-devtools
  content_hash: sha256:eccf354cf5391d05dd572a38229ccd7aae255529796e5b294e87fa68266c3605
- repo_url: kepano/obsidian-skills
  host: github.com
  resolved_commit: a1dc48e68138490d522c04cbf5822214c6eb1202
  virtual_path: skills/defuddle
  is_virtual: true
  package_type: claude_skill
  deployed_files:
  - .agents/skills/defuddle
  - .claude/skills/defuddle
  - .cursor/skills/defuddle
  - .github/skills/defuddle
  - .opencode/skills/defuddle
  content_hash: sha256:0ed68bc3e818ba0e6b8d192357ea3daaf552a3893f8854e7fd43c06831f91323
- repo_url: kepano/obsidian-skills
  host: github.com
  resolved_commit: a1dc48e68138490d522c04cbf5822214c6eb1202
  virtual_path: skills/json-canvas
  is_virtual: true
  package_type: claude_skill
  deployed_files:
  - .agents/skills/json-canvas
  - .claude/skills/json-canvas
  - .cursor/skills/json-canvas
  - .github/skills/json-canvas
  - .opencode/skills/json-canvas
  content_hash: sha256:b2296db7a2c7582b96ccdb14815873985250803ed9f626dbc1180821e9bd7691
- repo_url: kepano/obsidian-skills
  host: github.com
  resolved_commit: a1dc48e68138490d522c04cbf5822214c6eb1202
  virtual_path: skills/obsidian-bases
  is_virtual: true
  package_type: claude_skill
  deployed_files:
  - .agents/skills/obsidian-bases
  - .claude/skills/obsidian-bases
  - .cursor/skills/obsidian-bases
  - .github/skills/obsidian-bases
  - .opencode/skills/obsidian-bases
  content_hash: sha256:c5b65df92f3d8a4509efad8814dc0d5c92d037d4c2024778280a4210f175e061
- repo_url: kepano/obsidian-skills
  host: github.com
  resolved_commit: a1dc48e68138490d522c04cbf5822214c6eb1202
  virtual_path: skills/obsidian-cli
  is_virtual: true
  package_type: claude_skill
  deployed_files:
  - .agents/skills/obsidian-cli
  - .claude/skills/obsidian-cli
  - .cursor/skills/obsidian-cli
  - .github/skills/obsidian-cli
  - .opencode/skills/obsidian-cli
  content_hash: sha256:f46ae626875f7e47c410c2ee93896c4526024ebe127719e8fb430261b5677edc
- repo_url: kepano/obsidian-skills
  host: github.com
  resolved_commit: a1dc48e68138490d522c04cbf5822214c6eb1202
  virtual_path: skills/obsidian-markdown
  is_virtual: true
  package_type: claude_skill
  deployed_files:
  - .agents/skills/obsidian-markdown
  - .claude/skills/obsidian-markdown
  - .cursor/skills/obsidian-markdown
  - .github/skills/obsidian-markdown
  - .opencode/skills/obsidian-markdown
  content_hash: sha256:622c48fb0c4642ef3725e782e96a37e645832d674df67f1a9383f3b592c354fe
- repo_url: masuP9/a11y-specialist-skills
  host: github.com
  resolved_commit: 702ded64e05b0bf946ea7b11545ba3f1101093b6
  virtual_path: skills/auditing-wcag
  is_virtual: true
  package_type: claude_skill
  deployed_files:
  - .agents/skills/auditing-wcag
  - .claude/skills/auditing-wcag
  - .cursor/skills/auditing-wcag
  - .github/skills/auditing-wcag
  - .opencode/skills/auditing-wcag
  content_hash: sha256:d32ce21dd4f3792019c32368120be4484a69e1189b21059e6be6205602c2f420
- repo_url: masuP9/a11y-specialist-skills
  host: github.com
  resolved_commit: 702ded64e05b0bf946ea7b11545ba3f1101093b6
  virtual_path: skills/planning-a11y-improvement
  is_virtual: true
  package_type: claude_skill
  deployed_files:
  - .agents/skills/planning-a11y-improvement
  - .claude/skills/planning-a11y-improvement
  - .cursor/skills/planning-a11y-improvement
  - .github/skills/planning-a11y-improvement
  - .opencode/skills/planning-a11y-improvement
  content_hash: sha256:79750e231c217b79f883e4279e159040c15243ba90847a6f396aafc1fe9e2c64
- repo_url: masuP9/a11y-specialist-skills
  host: github.com
  resolved_commit: 702ded64e05b0bf946ea7b11545ba3f1101093b6
  virtual_path: skills/planning-wcag-audit
  is_virtual: true
  package_type: claude_skill
  deployed_files:
  - .agents/skills/planning-wcag-audit
  - .claude/skills/planning-wcag-audit
  - .cursor/skills/planning-wcag-audit
  - .github/skills/planning-wcag-audit
  - .opencode/skills/planning-wcag-audit
  content_hash: sha256:48ce47a210df3c8fb9a1dea1738a492a05b427e4e9c3e6c0245f511a27b4cc86
- repo_url: masuP9/a11y-specialist-skills
  host: github.com
  resolved_commit: 702ded64e05b0bf946ea7b11545ba3f1101093b6
  virtual_path: skills/reviewing-a11y
  is_virtual: true
  package_type: claude_skill
  deployed_files:
  - .agents/skills/reviewing-a11y
  - .claude/skills/reviewing-a11y
  - .cursor/skills/reviewing-a11y
  - .github/skills/reviewing-a11y
  - .opencode/skills/reviewing-a11y
  content_hash: sha256:5d25c678d2b70acc5c3971ed20c0aedf05c5e25f8f55c07271096051d825c642
- repo_url: mattpocock/skills
  host: github.com
  resolved_commit: 8515a080a74dbcf5019a1a78efc24b5fcafb36b8
  virtual_path: skills/engineering/grill-with-docs
  is_virtual: true
  package_type: claude_skill
  deployed_files:
  - .agents/skills/grill-with-docs
  - .claude/skills/grill-with-docs
  - .cursor/skills/grill-with-docs
  - .github/skills/grill-with-docs
  - .opencode/skills/grill-with-docs
  content_hash: sha256:e7ef25bbee50cda2eb7b3a8ef541db0a0396dad7d369f7d14fb610671dd1864b
- repo_url: mattpocock/skills
  host: github.com
  resolved_commit: 0877403d1e867fd9d574117e9b34ade404f36d2a
  virtual_path: skills/productivity/grill-me
  is_virtual: true
  package_type: claude_skill
  deployed_files:
  - .agents/skills/grill-me
  - .claude/skills/grill-me
  - .cursor/skills/grill-me
  - .github/skills/grill-me
  - .opencode/skills/grill-me
  content_hash: sha256:f321507f77702a54af1db66549ec1685fc625390d06c57d7949cdcda8eb1b5c7
- repo_url: modem-dev/hunk
  host: github.com
  resolved_commit: 059dd13c8bd27fe503ef59652077edf0041034c8
  virtual_path: skills/hunk-review
  is_virtual: true
  package_type: claude_skill
  deployed_files:
  - .agents/skills/hunk-review
  - .claude/skills/hunk-review
  - .cursor/skills/hunk-review
  - .github/skills/hunk-review
  - .opencode/skills/hunk-review
  content_hash: sha256:1ceb9a909ce1b50e0d84cc584e74ba2af7e65717c6394285c2dc7db16019fa62
- repo_url: nulab/bee
  host: github.com
  resolved_commit: 276f55c7a1e90d5cb6b7b82bb4ced06d8da51f34
  virtual_path: skills/backlog-notation
  is_virtual: true
  package_type: claude_skill
  deployed_files:
  - .agents/skills/backlog-notation
  - .claude/skills/backlog-notation
  - .cursor/skills/backlog-notation
  - .github/skills/backlog-notation
  - .opencode/skills/backlog-notation
  content_hash: sha256:9585f0a9646290b4e8c5f67a616fb2b4ddbe976c060f9c3e9e75354f8586100e
- repo_url: nulab/bee
  host: github.com
  resolved_commit: 276f55c7a1e90d5cb6b7b82bb4ced06d8da51f34
  virtual_path: skills/using-bee
  is_virtual: true
  package_type: claude_skill
  deployed_files:
  - .agents/skills/using-bee
  - .claude/skills/using-bee
  - .cursor/skills/using-bee
  - .github/skills/using-bee
  - .opencode/skills/using-bee
  content_hash: sha256:d63b5876f86bc2c9ee272e0f4b9dc8185a15a6a92836e189564a7cdeb3e691ab
- repo_url: openai/skills
  host: github.com
  resolved_commit: 49f948faa9258a0c61caceaf225e179651397431
  virtual_path: skills/.curated/gh-address-comments
  is_virtual: true
  package_type: claude_skill
  deployed_files:
  - .agents/skills/gh-address-comments
  - .claude/skills/gh-address-comments
  - .cursor/skills/gh-address-comments
  - .github/skills/gh-address-comments
  - .opencode/skills/gh-address-comments
  content_hash: sha256:068d34fb59cb97a39aea3de1708877b6a01210d02fa7eda5e74fc8277ed52916
- repo_url: openai/skills
  host: github.com
  resolved_commit: 49f948faa9258a0c61caceaf225e179651397431
  virtual_path: skills/.curated/gh-fix-ci
  is_virtual: true
  package_type: claude_skill
  deployed_files:
  - .agents/skills/gh-fix-ci
  - .claude/skills/gh-fix-ci
  - .cursor/skills/gh-fix-ci
  - .github/skills/gh-fix-ci
  - .opencode/skills/gh-fix-ci
  content_hash: sha256:02b4d97e4bd91e342e3ec3efa06b7871097d6a64e8398f4ed5b69c64d8d902fb
- repo_url: remotion-dev/skills
  host: github.com
  resolved_commit: 8dad6ec5c5c7cedee4d2aa620bb68386f8fe8eb9
  virtual_path: skills/remotion
  is_virtual: true
  package_type: claude_skill
  deployed_files:
  - .agents/skills/remotion
  - .claude/skills/remotion
  - .cursor/skills/remotion
  - .github/skills/remotion
  - .opencode/skills/remotion
  content_hash: sha256:91da83b65454829d70cf32ff8cce4776a5adee3e429c66ef6ab4a2e019642e4c
- repo_url: resend/email-best-practices
  host: github.com
  resolved_commit: ef764286d84d665634e14040a726d295c962120e
  package_type: claude_skill
  deployed_files:
  - .agents/skills/email-best-practices
  - .claude/skills/email-best-practices
  - .cursor/skills/email-best-practices
  - .github/skills/email-best-practices
  - .opencode/skills/email-best-practices
  content_hash: sha256:05ed761aba2127b1158d1f1d2df15a69e89dfae2e5a05e4735cd1e2e0b05a115
- repo_url: supabase/agent-skills
  host: github.com
  resolved_commit: 1356046015476711a769601079262b5635929427
  virtual_path: skills/supabase-postgres-best-practices
  is_virtual: true
  package_type: claude_skill
  deployed_files:
  - .agents/skills/supabase-postgres-best-practices
  - .claude/skills/supabase-postgres-best-practices
  - .cursor/skills/supabase-postgres-best-practices
  - .github/skills/supabase-postgres-best-practices
  - .opencode/skills/supabase-postgres-best-practices
  content_hash: sha256:c20a12d0e664c182130e75dfed6af46d81623930d15935f27353a39429724306
- repo_url: vercel-labs/skills
  host: github.com
  resolved_commit: 2adcfe5a4cce0ce5f4d5547a997b2a161ec5d127
  virtual_path: skills/find-skills
  is_virtual: true
  package_type: claude_skill
  deployed_files:
  - .agents/skills/find-skills
  - .claude/skills/find-skills
  - .cursor/skills/find-skills
  - .github/skills/find-skills
  - .opencode/skills/find-skills
  content_hash: sha256:1c27b1774a4ec17ad4556a72e3c0168beab3af0183b2c1b8aa9e320af3ff41ce
- repo_url: yhassy/wireframe-skill
  host: github.com
  resolved_commit: 948d4331343b18d913d5bc502da72ed0c5f19101
  package_type: claude_skill
  deployed_files:
  - .agents/skills/wireframe-skill
  - .claude/skills/wireframe-skill
  - .cursor/skills/wireframe-skill
  - .github/skills/wireframe-skill
  - .opencode/skills/wireframe-skill
  content_hash: sha256:3898324327332359e800cae46b04848a8fa9041b1f9464314c6a5a7118bf25bc
