lockfile_version: '1'
generated_at: '2026-04-17T07:02:46.843984+00:00'
apm_version: 0.8.11
dependencies:
- repo_url: _local/architecture-diagram
  package_type: claude_skill
  deployed_files:
  - .agents/skills/architecture-diagram
  - .claude/skills/architecture-diagram
  - .cursor/skills/architecture-diagram
  - .github/skills/architecture-diagram
  - .opencode/skills/architecture-diagram
  source: local
  local_path: ./.apm/skills/architecture-diagram
- repo_url: _local/chrome-devtools
  package_type: claude_skill
  deployed_files:
  - .agents/skills/chrome-devtools
  - .claude/skills/chrome-devtools
  - .cursor/skills/chrome-devtools
  - .github/skills/chrome-devtools
  - .opencode/skills/chrome-devtools
  source: local
  local_path: ./.apm/skills/chrome-devtools
- repo_url: _local/cloudflare-deploy
  package_type: claude_skill
  deployed_files:
  - .agents/skills/cloudflare-deploy
  - .claude/skills/cloudflare-deploy
  - .cursor/skills/cloudflare-deploy
  - .github/skills/cloudflare-deploy
  - .opencode/skills/cloudflare-deploy
  source: local
  local_path: ./.apm/skills/cloudflare-deploy
- repo_url: _local/figma
  package_type: claude_skill
  deployed_files:
  - .agents/skills/figma
  - .claude/skills/figma
  - .cursor/skills/figma
  - .github/skills/figma
  - .opencode/skills/figma
  source: local
  local_path: ./.apm/skills/figma
- repo_url: _local/figma-design-tokens
  package_type: claude_skill
  deployed_files:
  - .agents/skills/figma-design-tokens
  - .claude/skills/figma-design-tokens
  - .cursor/skills/figma-design-tokens
  - .github/skills/figma-design-tokens
  - .opencode/skills/figma-design-tokens
  source: local
  local_path: ./.apm/skills/figma-design-tokens
- repo_url: _local/figma-implement-design
  package_type: claude_skill
  deployed_files:
  - .agents/skills/figma-implement-design
  - .claude/skills/figma-implement-design
  - .cursor/skills/figma-implement-design
  - .github/skills/figma-implement-design
  - .opencode/skills/figma-implement-design
  source: local
  local_path: ./.apm/skills/figma-implement-design
- repo_url: _local/figma-rule
  package_type: claude_skill
  deployed_files:
  - .agents/skills/figma-rule
  - .claude/skills/figma-rule
  - .cursor/skills/figma-rule
  - .github/skills/figma-rule
  - .opencode/skills/figma-rule
  source: local
  local_path: ./.apm/skills/figma-rule
- repo_url: _local/figma-use
  package_type: claude_skill
  deployed_files:
  - .agents/skills/figma-use
  - .claude/skills/figma-use
  - .cursor/skills/figma-use
  - .github/skills/figma-use
  - .opencode/skills/figma-use
  source: local
  local_path: ./.apm/skills/figma-use
- repo_url: _local/gh-address-comments
  package_type: claude_skill
  deployed_files:
  - .agents/skills/gh-address-comments
  - .claude/skills/gh-address-comments
  - .cursor/skills/gh-address-comments
  - .github/skills/gh-address-comments
  - .opencode/skills/gh-address-comments
  source: local
  local_path: ./.apm/skills/gh-address-comments
- repo_url: _local/gh-fix-ci
  package_type: claude_skill
  deployed_files:
  - .agents/skills/gh-fix-ci
  - .claude/skills/gh-fix-ci
  - .cursor/skills/gh-fix-ci
  - .github/skills/gh-fix-ci
  - .opencode/skills/gh-fix-ci
  source: local
  local_path: ./.apm/skills/gh-fix-ci
- repo_url: _local/github-pr-review-operation
  package_type: claude_skill
  deployed_files:
  - .agents/skills/github-pr-review-operation
  - .claude/skills/github-pr-review-operation
  - .cursor/skills/github-pr-review-operation
  - .github/skills/github-pr-review-operation
  - .opencode/skills/github-pr-review-operation
  source: local
  local_path: ./.apm/skills/github-pr-review-operation
- repo_url: _local/h10o-review
  package_type: claude_skill
  deployed_files:
  - .agents/skills/h10o-review
  - .claude/skills/h10o-review
  - .cursor/skills/h10o-review
  - .github/skills/h10o-review
  - .opencode/skills/h10o-review
  source: local
  local_path: ./.apm/skills/h10o-review
- repo_url: _local/lighthouse-perf-report
  package_type: claude_skill
  deployed_files:
  - .agents/skills/lighthouse-perf-report
  - .claude/skills/lighthouse-perf-report
  - .cursor/skills/lighthouse-perf-report
  - .github/skills/lighthouse-perf-report
  - .opencode/skills/lighthouse-perf-report
  source: local
  local_path: ./.apm/skills/lighthouse-perf-report
- repo_url: _local/motion-design
  package_type: claude_skill
  deployed_files:
  - .agents/skills/motion-design
  - .claude/skills/motion-design
  - .cursor/skills/motion-design
  - .github/skills/motion-design
  - .opencode/skills/motion-design
  source: local
  local_path: ./.apm/skills/motion-design
- repo_url: _local/ops-doc-generator
  package_type: claude_skill
  deployed_files:
  - .agents/skills/ops-doc-generator
  - .claude/skills/ops-doc-generator
  - .cursor/skills/ops-doc-generator
  - .github/skills/ops-doc-generator
  - .opencode/skills/ops-doc-generator
  source: local
  local_path: ./.apm/skills/ops-doc-generator
- repo_url: _local/remotion-best-practices
  package_type: claude_skill
  deployed_files:
  - .agents/skills/remotion-best-practices
  - .claude/skills/remotion-best-practices
  - .cursor/skills/remotion-best-practices
  - .github/skills/remotion-best-practices
  - .opencode/skills/remotion-best-practices
  source: local
  local_path: ./.apm/skills/remotion-best-practices
- repo_url: _local/sitemap-generator
  package_type: claude_skill
  deployed_files:
  - .agents/skills/sitemap-generator
  - .claude/skills/sitemap-generator
  - .cursor/skills/sitemap-generator
  - .github/skills/sitemap-generator
  - .opencode/skills/sitemap-generator
  source: local
  local_path: ./.apm/skills/sitemap-generator
- repo_url: _local/tailwind-styling-review
  package_type: claude_skill
  deployed_files:
  - .agents/skills/tailwind-styling-review
  - .claude/skills/tailwind-styling-review
  - .cursor/skills/tailwind-styling-review
  - .github/skills/tailwind-styling-review
  - .opencode/skills/tailwind-styling-review
  source: local
  local_path: ./.apm/skills/tailwind-styling-review
- repo_url: _local/wireframe
  package_type: claude_skill
  deployed_files:
  - .agents/skills/wireframe
  - .claude/skills/wireframe
  - .cursor/skills/wireframe
  - .github/skills/wireframe
  - .opencode/skills/wireframe
  source: local
  local_path: ./.apm/skills/wireframe
- repo_url: _local/wordpress-router
  package_type: claude_skill
  deployed_files:
  - .agents/skills/wordpress-router
  - .claude/skills/wordpress-router
  - .cursor/skills/wordpress-router
  - .github/skills/wordpress-router
  - .opencode/skills/wordpress-router
  source: local
  local_path: ./.apm/skills/wordpress-router
- repo_url: _local/wp-abilities-api
  package_type: claude_skill
  deployed_files:
  - .agents/skills/wp-abilities-api
  - .claude/skills/wp-abilities-api
  - .cursor/skills/wp-abilities-api
  - .github/skills/wp-abilities-api
  - .opencode/skills/wp-abilities-api
  source: local
  local_path: ./.apm/skills/wp-abilities-api
- repo_url: _local/wp-block-development
  package_type: claude_skill
  deployed_files:
  - .agents/skills/wp-block-development
  - .claude/skills/wp-block-development
  - .cursor/skills/wp-block-development
  - .github/skills/wp-block-development
  - .opencode/skills/wp-block-development
  source: local
  local_path: ./.apm/skills/wp-block-development
- repo_url: _local/wp-block-themes
  package_type: claude_skill
  deployed_files:
  - .agents/skills/wp-block-themes
  - .claude/skills/wp-block-themes
  - .cursor/skills/wp-block-themes
  - .github/skills/wp-block-themes
  - .opencode/skills/wp-block-themes
  source: local
  local_path: ./.apm/skills/wp-block-themes
- repo_url: _local/wp-interactivity-api
  package_type: claude_skill
  deployed_files:
  - .agents/skills/wp-interactivity-api
  - .claude/skills/wp-interactivity-api
  - .cursor/skills/wp-interactivity-api
  - .github/skills/wp-interactivity-api
  - .opencode/skills/wp-interactivity-api
  source: local
  local_path: ./.apm/skills/wp-interactivity-api
- repo_url: _local/wp-performance
  package_type: claude_skill
  deployed_files:
  - .agents/skills/wp-performance
  - .claude/skills/wp-performance
  - .cursor/skills/wp-performance
  - .github/skills/wp-performance
  - .opencode/skills/wp-performance
  source: local
  local_path: ./.apm/skills/wp-performance
- repo_url: _local/wp-phpstan
  package_type: claude_skill
  deployed_files:
  - .agents/skills/wp-phpstan
  - .claude/skills/wp-phpstan
  - .cursor/skills/wp-phpstan
  - .github/skills/wp-phpstan
  - .opencode/skills/wp-phpstan
  source: local
  local_path: ./.apm/skills/wp-phpstan
- repo_url: _local/wp-playground
  package_type: claude_skill
  deployed_files:
  - .agents/skills/wp-playground
  - .claude/skills/wp-playground
  - .cursor/skills/wp-playground
  - .github/skills/wp-playground
  - .opencode/skills/wp-playground
  source: local
  local_path: ./.apm/skills/wp-playground
- repo_url: _local/wp-plugin-development
  package_type: claude_skill
  deployed_files:
  - .agents/skills/wp-plugin-development
  - .claude/skills/wp-plugin-development
  - .cursor/skills/wp-plugin-development
  - .github/skills/wp-plugin-development
  - .opencode/skills/wp-plugin-development
  source: local
  local_path: ./.apm/skills/wp-plugin-development
- repo_url: _local/wp-project-triage
  package_type: claude_skill
  deployed_files:
  - .agents/skills/wp-project-triage
  - .claude/skills/wp-project-triage
  - .cursor/skills/wp-project-triage
  - .github/skills/wp-project-triage
  - .opencode/skills/wp-project-triage
  source: local
  local_path: ./.apm/skills/wp-project-triage
- repo_url: _local/wp-rest-api
  package_type: claude_skill
  deployed_files:
  - .agents/skills/wp-rest-api
  - .claude/skills/wp-rest-api
  - .cursor/skills/wp-rest-api
  - .github/skills/wp-rest-api
  - .opencode/skills/wp-rest-api
  source: local
  local_path: ./.apm/skills/wp-rest-api
- repo_url: _local/wp-wpcli-and-ops
  package_type: claude_skill
  deployed_files:
  - .agents/skills/wp-wpcli-and-ops
  - .claude/skills/wp-wpcli-and-ops
  - .cursor/skills/wp-wpcli-and-ops
  - .github/skills/wp-wpcli-and-ops
  - .opencode/skills/wp-wpcli-and-ops
  source: local
  local_path: ./.apm/skills/wp-wpcli-and-ops
- repo_url: _local/wpds
  package_type: claude_skill
  deployed_files:
  - .agents/skills/wpds
  - .claude/skills/wpds
  - .cursor/skills/wpds
  - .github/skills/wpds
  - .opencode/skills/wpds
  source: local
  local_path: ./.apm/skills/wpds
- repo_url: browser-use/browser-use
  host: github.com
  resolved_commit: 702b7352c3dc1d39ab8daef2f076dfe7adcfa1c3
  virtual_path: skills/browser-use
  is_virtual: true
  package_type: claude_skill
  deployed_files:
  - .agents/skills/browser-use
  - .claude/skills/browser-use
  - .cursor/skills/browser-use
  - .github/skills/browser-use
  - .opencode/skills/browser-use
  content_hash: sha256:ea66f285ef69fb4fa4e750cde997e5425157bc9c3175c2ae68f7f52cd1b01e44
- repo_url: greensock/gsap-skills
  host: github.com
  resolved_commit: 03d9f0c3dbf91e0b60582b64ed040c8911ca0174
  virtual_path: skills/gsap-core
  is_virtual: true
  package_type: claude_skill
  deployed_files:
  - .agents/skills/gsap-core
  - .claude/skills/gsap-core
  - .cursor/skills/gsap-core
  - .github/skills/gsap-core
  - .opencode/skills/gsap-core
  content_hash: sha256:c4a01101d9e1aafbf4b49f75d74f9349790d8741981ba0237c990093863035a6
- repo_url: greensock/gsap-skills
  host: github.com
  resolved_commit: 03d9f0c3dbf91e0b60582b64ed040c8911ca0174
  virtual_path: skills/gsap-frameworks
  is_virtual: true
  package_type: claude_skill
  deployed_files:
  - .agents/skills/gsap-frameworks
  - .claude/skills/gsap-frameworks
  - .cursor/skills/gsap-frameworks
  - .github/skills/gsap-frameworks
  - .opencode/skills/gsap-frameworks
  content_hash: sha256:151f82c17668f8568be9ee77a7b6faadc295118fe5ee77e44c6971f59c66c857
- repo_url: greensock/gsap-skills
  host: github.com
  resolved_commit: 03d9f0c3dbf91e0b60582b64ed040c8911ca0174
  virtual_path: skills/gsap-performance
  is_virtual: true
  package_type: claude_skill
  deployed_files:
  - .agents/skills/gsap-performance
  - .claude/skills/gsap-performance
  - .cursor/skills/gsap-performance
  - .github/skills/gsap-performance
  - .opencode/skills/gsap-performance
  content_hash: sha256:863842ac2d7aee53fd4f0025c960173d7ad3e658a5715b89b2211fa280213c1f
- repo_url: greensock/gsap-skills
  host: github.com
  resolved_commit: 03d9f0c3dbf91e0b60582b64ed040c8911ca0174
  virtual_path: skills/gsap-plugins
  is_virtual: true
  package_type: claude_skill
  deployed_files:
  - .agents/skills/gsap-plugins
  - .claude/skills/gsap-plugins
  - .cursor/skills/gsap-plugins
  - .github/skills/gsap-plugins
  - .opencode/skills/gsap-plugins
  content_hash: sha256:83f5517521ddb74264d5227a2f11e58425edd10d20e8c0f1264e10cbcc00e712
- repo_url: greensock/gsap-skills
  host: github.com
  resolved_commit: 03d9f0c3dbf91e0b60582b64ed040c8911ca0174
  virtual_path: skills/gsap-react
  is_virtual: true
  package_type: claude_skill
  deployed_files:
  - .agents/skills/gsap-react
  - .claude/skills/gsap-react
  - .cursor/skills/gsap-react
  - .github/skills/gsap-react
  - .opencode/skills/gsap-react
  content_hash: sha256:7d3b52822681a4158e371f895c58fb7030ecaf33f585a534b7162f9e92c5d893
- repo_url: greensock/gsap-skills
  host: github.com
  resolved_commit: 03d9f0c3dbf91e0b60582b64ed040c8911ca0174
  virtual_path: skills/gsap-scrolltrigger
  is_virtual: true
  package_type: claude_skill
  deployed_files:
  - .agents/skills/gsap-scrolltrigger
  - .claude/skills/gsap-scrolltrigger
  - .cursor/skills/gsap-scrolltrigger
  - .github/skills/gsap-scrolltrigger
  - .opencode/skills/gsap-scrolltrigger
  content_hash: sha256:1cdc5647693783cb7a662d84a5de434c88a051ed56b4d33597c9b5782b5973e6
- repo_url: greensock/gsap-skills
  host: github.com
  resolved_commit: 03d9f0c3dbf91e0b60582b64ed040c8911ca0174
  virtual_path: skills/gsap-timeline
  is_virtual: true
  package_type: claude_skill
  deployed_files:
  - .agents/skills/gsap-timeline
  - .claude/skills/gsap-timeline
  - .cursor/skills/gsap-timeline
  - .github/skills/gsap-timeline
  - .opencode/skills/gsap-timeline
  content_hash: sha256:54981c2feec5a9c0d57988aeb32315af32bdeadd261550d5e9db7a7b1f08b487
- repo_url: greensock/gsap-skills
  host: github.com
  resolved_commit: 03d9f0c3dbf91e0b60582b64ed040c8911ca0174
  virtual_path: skills/gsap-utils
  is_virtual: true
  package_type: claude_skill
  deployed_files:
  - .agents/skills/gsap-utils
  - .claude/skills/gsap-utils
  - .cursor/skills/gsap-utils
  - .github/skills/gsap-utils
  - .opencode/skills/gsap-utils
  content_hash: sha256:1ab2387f6e694718a4f1b5acf2a4ab16e1b884c3428adf5f6b26d830f00826cf
- repo_url: ibelick/ui-skills
  host: github.com
  resolved_commit: 95d0e08524b9f287c32696760725ae32c0f59791
  virtual_path: skills/baseline-ui
  is_virtual: true
  package_type: claude_skill
  deployed_files:
  - .agents/skills/baseline-ui
  - .claude/skills/baseline-ui
  - .cursor/skills/baseline-ui
  - .github/skills/baseline-ui
  - .opencode/skills/baseline-ui
  content_hash: sha256:49817c981208de2f412719f7814d31eba2b2096462edc048a279d93f522cab0f
- repo_url: ibelick/ui-skills
  host: github.com
  resolved_commit: 95d0e08524b9f287c32696760725ae32c0f59791
  virtual_path: skills/fixing-accessibility
  is_virtual: true
  package_type: claude_skill
  deployed_files:
  - .agents/skills/fixing-accessibility
  - .claude/skills/fixing-accessibility
  - .cursor/skills/fixing-accessibility
  - .github/skills/fixing-accessibility
  - .opencode/skills/fixing-accessibility
  content_hash: sha256:4fa8f5a772b4eef3d28a54c136b507d070e54e2c326578f65eaf5e5a0118b38a
- repo_url: ibelick/ui-skills
  host: github.com
  resolved_commit: 95d0e08524b9f287c32696760725ae32c0f59791
  virtual_path: skills/fixing-metadata
  is_virtual: true
  package_type: claude_skill
  deployed_files:
  - .agents/skills/fixing-metadata
  - .claude/skills/fixing-metadata
  - .cursor/skills/fixing-metadata
  - .github/skills/fixing-metadata
  - .opencode/skills/fixing-metadata
  content_hash: sha256:699e13890fb50acffa02dfd2d5b0e719bd916a9e2b7e6035bdc4513fc73d9174
- repo_url: ibelick/ui-skills
  host: github.com
  resolved_commit: 95d0e08524b9f287c32696760725ae32c0f59791
  virtual_path: skills/fixing-motion-performance
  is_virtual: true
  package_type: claude_skill
  deployed_files:
  - .agents/skills/fixing-motion-performance
  - .claude/skills/fixing-motion-performance
  - .cursor/skills/fixing-motion-performance
  - .github/skills/fixing-motion-performance
  - .opencode/skills/fixing-motion-performance
  content_hash: sha256:426dcf33f23419643f2aab71e2253e1a5b5684a808fabb8a4ad135e489ed7a0f
- repo_url: kamranahmedse/diffity
  host: github.com
  resolved_commit: 15f1e3c591f81474e167c4f62f076f6e7e573c5f
  virtual_path: skills/diffity-diff
  is_virtual: true
  package_type: claude_skill
  deployed_files:
  - .agents/skills/diffity-diff
  - .claude/skills/diffity-diff
  - .cursor/skills/diffity-diff
  - .github/skills/diffity-diff
  - .opencode/skills/diffity-diff
  content_hash: sha256:bc475ebbd20f5270444db1ec78c9949f6f55392b5a38bca00242cd088b0322ee
- repo_url: kamranahmedse/diffity
  host: github.com
  resolved_commit: 15f1e3c591f81474e167c4f62f076f6e7e573c5f
  virtual_path: skills/diffity-resolve
  is_virtual: true
  package_type: claude_skill
  deployed_files:
  - .agents/skills/diffity-resolve
  - .claude/skills/diffity-resolve
  - .cursor/skills/diffity-resolve
  - .github/skills/diffity-resolve
  - .opencode/skills/diffity-resolve
  content_hash: sha256:c01686d05a236824f773dd97114eb5a1d9ceff0c587eec4dac3036cf02b8fbc5
- repo_url: kamranahmedse/diffity
  host: github.com
  resolved_commit: 15f1e3c591f81474e167c4f62f076f6e7e573c5f
  virtual_path: skills/diffity-review
  is_virtual: true
  package_type: claude_skill
  deployed_files:
  - .agents/skills/diffity-review
  - .claude/skills/diffity-review
  - .cursor/skills/diffity-review
  - .github/skills/diffity-review
  - .opencode/skills/diffity-review
  content_hash: sha256:04fde217ea47203212b2dc525cec668f5341415d00eb5eca622a5397b62573eb
- repo_url: proffesor-for-testing/agentic-qe
  host: github.com
  resolved_commit: c9cf4bb194a0ae2fb76925f888baefa45738b71e
  virtual_path: .claude/skills/github-project-management
  is_virtual: true
  package_type: claude_skill
  deployed_files:
  - .agents/skills/github-project-management
  - .claude/skills/github-project-management
  - .cursor/skills/github-project-management
  - .github/skills/github-project-management
  - .opencode/skills/github-project-management
  content_hash: sha256:76ef2d620f83d0b759882bbafd3ecbf5769e31eb8d045eae19a68cee4336838b
- repo_url: resend/email-best-practices
  host: github.com
  resolved_commit: 08550bd9a6d82621676b4ca3733bfbf631bf2800
  package_type: claude_skill
  deployed_files:
  - .agents/skills/email-best-practices
  - .claude/skills/email-best-practices
  - .cursor/skills/email-best-practices
  - .github/skills/email-best-practices
  - .opencode/skills/email-best-practices
  content_hash: sha256:6dfec71e4a8e2ba707ff6ab3052333344222452e6555da194ad6a50d6338c4ec
- repo_url: supabase/agent-skills
  host: github.com
  resolved_commit: 7a646f8812ec8d21cc8735d5b3fe67c9b5e665db
  virtual_path: skills/supabase-postgres-best-practices
  is_virtual: true
  package_type: claude_skill
  deployed_files:
  - .agents/skills/supabase-postgres-best-practices
  - .claude/skills/supabase-postgres-best-practices
  - .cursor/skills/supabase-postgres-best-practices
  - .github/skills/supabase-postgres-best-practices
  - .opencode/skills/supabase-postgres-best-practices
  content_hash: sha256:4bbb2a7c78c271eeb0e76965b538ed9a2963e756a2ce80532fe6b78b476f6cbd
- repo_url: vercel-labs/skills
  host: github.com
  resolved_commit: 004c73806e35f3b12582967759559203c4ed01f9
  virtual_path: skills/find-skills
  is_virtual: true
  package_type: claude_skill
  deployed_files:
  - .agents/skills/find-skills
  - .claude/skills/find-skills
  - .cursor/skills/find-skills
  - .github/skills/find-skills
  - .opencode/skills/find-skills
  content_hash: sha256:d31e234f0c90694a670222cdd1dafa853e051d7066beda389f1097c22dadd461
